// !$*UTF8*$!
{
	archiveVersion = 1;
	classes = {
	};
	objectVersion = 48;
	objects = {

/* Begin PBXBuildFile section */
		3708D52A1F928BA100E06D95 /* Models.swift in Sources */ = {isa = PBXBuildFile; fileRef = 3708D5291F928BA100E06D95 /* Models.swift */; };
		3708D52C1F92B05C00E06D95 /* Defaults.swift in Sources */ = {isa = PBXBuildFile; fileRef = 3708D52B1F92B05C00E06D95 /* Defaults.swift */; };
		3708D52F1F92B6B700E06D95 /* LoginWindowController.swift in Sources */ = {isa = PBXBuildFile; fileRef = 3708D52D1F92B6B700E06D95 /* LoginWindowController.swift */; };
		3708D5301F92B6B700E06D95 /* LoginWindow.xib in Resources */ = {isa = PBXBuildFile; fileRef = 3708D52E1F92B6B700E06D95 /* LoginWindow.xib */; };
		3708D5321F92D8D300E06D95 /* EditableTextField.swift in Sources */ = {isa = PBXBuildFile; fileRef = 3708D5311F92D8D300E06D95 /* EditableTextField.swift */; };
		3708D5341F92E60C00E06D95 /* Categories.swift in Sources */ = {isa = PBXBuildFile; fileRef = 3708D5331F92E60C00E06D95 /* Categories.swift */; };
		37CCEE811F8DA4D700F584ED /* AppDelegate.swift in Sources */ = {isa = PBXBuildFile; fileRef = 37CCEE801F8DA4D700F584ED /* AppDelegate.swift */; };
		37CCEE831F8DA4D700F584ED /* Assets.xcassets in Resources */ = {isa = PBXBuildFile; fileRef = 37CCEE821F8DA4D700F584ED /* Assets.xcassets */; };
		37CCEE861F8DA4D700F584ED /* MainMenu.xib in Resources */ = {isa = PBXBuildFile; fileRef = 37CCEE841F8DA4D700F584ED /* MainMenu.xib */; };
		37CCEE8F1F8DBA1000F584ED /* StatusMenuController.swift in Sources */ = {isa = PBXBuildFile; fileRef = 37CCEE8E1F8DBA1000F584ED /* StatusMenuController.swift */; };
		37CCEE931F8DCB2F00F584ED /* Phabricator.swift in Sources */ = {isa = PBXBuildFile; fileRef = 37CCEE921F8DCB2F00F584ED /* Phabricator.swift */; };
		37F8A8861F9C1A2800928D26 /* PreferencesWindowController.swift in Sources */ = {isa = PBXBuildFile; fileRef = 37F8A8841F9C1A2800928D26 /* PreferencesWindowController.swift */; };
		37F8A8871F9C1A2800928D26 /* PreferencesWindowController.xib in Resources */ = {isa = PBXBuildFile; fileRef = 37F8A8851F9C1A2800928D26 /* PreferencesWindowController.xib */; };
		5F2465697F3C0AAE39BAAE18 /* Pods_stabricator.framework in Frameworks */ = {isa = PBXBuildFile; fileRef = 7F20E5E2763BC764F01CDAAF /* Pods_stabricator.framework */; };
/* End PBXBuildFile section */

/* Begin PBXFileReference section */
		227CC0D853097B7CCCEF07E1 /* Pods-stabricator.debug.xcconfig */ = {isa = PBXFileReference; includeInIndex = 1; lastKnownFileType = text.xcconfig; name = "Pods-stabricator.debug.xcconfig"; path = "Pods/Target Support Files/Pods-stabricator/Pods-stabricator.debug.xcconfig"; sourceTree = "<group>"; };
		3708D5291F928BA100E06D95 /* Models.swift */ = {isa = PBXFileReference; lastKnownFileType = sourcecode.swift; path = Models.swift; sourceTree = "<group>"; };
		3708D52B1F92B05C00E06D95 /* Defaults.swift */ = {isa = PBXFileReference; lastKnownFileType = sourcecode.swift; path = Defaults.swift; sourceTree = "<group>"; };
		3708D52D1F92B6B700E06D95 /* LoginWindowController.swift */ = {isa = PBXFileReference; lastKnownFileType = sourcecode.swift; path = LoginWindowController.swift; sourceTree = "<group>"; };
		3708D52E1F92B6B700E06D95 /* LoginWindow.xib */ = {isa = PBXFileReference; lastKnownFileType = file.xib; path = LoginWindow.xib; sourceTree = "<group>"; };
		3708D5311F92D8D300E06D95 /* EditableTextField.swift */ = {isa = PBXFileReference; lastKnownFileType = sourcecode.swift; path = EditableTextField.swift; sourceTree = "<group>"; };
		3708D5331F92E60C00E06D95 /* Categories.swift */ = {isa = PBXFileReference; lastKnownFileType = sourcecode.swift; path = Categories.swift; sourceTree = "<group>"; };
		37CCEE7D1F8DA4D700F584ED /* stabricator.app */ = {isa = PBXFileReference; explicitFileType = wrapper.application; includeInIndex = 0; path = stabricator.app; sourceTree = BUILT_PRODUCTS_DIR; };
		37CCEE801F8DA4D700F584ED /* AppDelegate.swift */ = {isa = PBXFileReference; lastKnownFileType = sourcecode.swift; path = AppDelegate.swift; sourceTree = "<group>"; };
		37CCEE821F8DA4D700F584ED /* Assets.xcassets */ = {isa = PBXFileReference; lastKnownFileType = folder.assetcatalog; path = Assets.xcassets; sourceTree = "<group>"; };
		37CCEE851F8DA4D700F584ED /* Base */ = {isa = PBXFileReference; lastKnownFileType = file.xib; name = Base; path = Base.lproj/MainMenu.xib; sourceTree = "<group>"; };
		37CCEE871F8DA4D700F584ED /* Info.plist */ = {isa = PBXFileReference; lastKnownFileType = text.plist.xml; path = Info.plist; sourceTree = "<group>"; };
		37CCEE881F8DA4D700F584ED /* stabricator.entitlements */ = {isa = PBXFileReference; lastKnownFileType = text.plist.entitlements; path = stabricator.entitlements; sourceTree = "<group>"; };
		37CCEE8E1F8DBA1000F584ED /* StatusMenuController.swift */ = {isa = PBXFileReference; lastKnownFileType = sourcecode.swift; path = StatusMenuController.swift; sourceTree = "<group>"; };
		37CCEE921F8DCB2F00F584ED /* Phabricator.swift */ = {isa = PBXFileReference; lastKnownFileType = sourcecode.swift; path = Phabricator.swift; sourceTree = "<group>"; };
		37F8A8841F9C1A2800928D26 /* PreferencesWindowController.swift */ = {isa = PBXFileReference; lastKnownFileType = sourcecode.swift; path = PreferencesWindowController.swift; sourceTree = "<group>"; };
		37F8A8851F9C1A2800928D26 /* PreferencesWindowController.xib */ = {isa = PBXFileReference; lastKnownFileType = file.xib; path = PreferencesWindowController.xib; sourceTree = "<group>"; };
		3AFBE9C0754E226AACB6809E /* Pods-stabricator.release.xcconfig */ = {isa = PBXFileReference; includeInIndex = 1; lastKnownFileType = text.xcconfig; name = "Pods-stabricator.release.xcconfig"; path = "Pods/Target Support Files/Pods-stabricator/Pods-stabricator.release.xcconfig"; sourceTree = "<group>"; };
		7F20E5E2763BC764F01CDAAF /* Pods_stabricator.framework */ = {isa = PBXFileReference; explicitFileType = wrapper.framework; includeInIndex = 0; path = Pods_stabricator.framework; sourceTree = BUILT_PRODUCTS_DIR; };
/* End PBXFileReference section */

/* Begin PBXFrameworksBuildPhase section */
		37CCEE7A1F8DA4D700F584ED /* Frameworks */ = {
			isa = PBXFrameworksBuildPhase;
			buildActionMask = 2147483647;
			files = (
				5F2465697F3C0AAE39BAAE18 /* Pods_stabricator.framework in Frameworks */,
			);
			runOnlyForDeploymentPostprocessing = 0;
		};
/* End PBXFrameworksBuildPhase section */

/* Begin PBXGroup section */
		37CCEE741F8DA4D700F584ED = {
			isa = PBXGroup;
			children = (
				37CCEE7F1F8DA4D700F584ED /* stabricator */,
				37CCEE7E1F8DA4D700F584ED /* Products */,
				3F34CBB74A225E32B114DF2E /* Pods */,
				F83897B95B896B685D2B6AB7 /* Frameworks */,
			);
			sourceTree = "<group>";
		};
		37CCEE7E1F8DA4D700F584ED /* Products */ = {
			isa = PBXGroup;
			children = (
				37CCEE7D1F8DA4D700F584ED /* stabricator.app */,
			);
			name = Products;
			sourceTree = "<group>";
		};
		37CCEE7F1F8DA4D700F584ED /* stabricator */ = {
			isa = PBXGroup;
			children = (
				37CCEE871F8DA4D700F584ED /* Info.plist */,
				37CCEE881F8DA4D700F584ED /* stabricator.entitlements */,
				37CCEE821F8DA4D700F584ED /* Assets.xcassets */,
				37CCEE801F8DA4D700F584ED /* AppDelegate.swift */,
				37CCEE8E1F8DBA1000F584ED /* StatusMenuController.swift */,
				37CCEE841F8DA4D700F584ED /* MainMenu.xib */,
				37CCEE921F8DCB2F00F584ED /* Phabricator.swift */,
				3708D5291F928BA100E06D95 /* Models.swift */,
				3708D52B1F92B05C00E06D95 /* Defaults.swift */,
				3708D52D1F92B6B700E06D95 /* LoginWindowController.swift */,
				3708D52E1F92B6B700E06D95 /* LoginWindow.xib */,
				3708D5311F92D8D300E06D95 /* EditableTextField.swift */,
				3708D5331F92E60C00E06D95 /* Categories.swift */,
				37F8A8841F9C1A2800928D26 /* PreferencesWindowController.swift */,
				37F8A8851F9C1A2800928D26 /* PreferencesWindowController.xib */,
			);
			path = stabricator;
			sourceTree = "<group>";
		};
		3F34CBB74A225E32B114DF2E /* Pods */ = {
			isa = PBXGroup;
			children = (
				227CC0D853097B7CCCEF07E1 /* Pods-stabricator.debug.xcconfig */,
				3AFBE9C0754E226AACB6809E /* Pods-stabricator.release.xcconfig */,
			);
			name = Pods;
			sourceTree = "<group>";
		};
		F83897B95B896B685D2B6AB7 /* Frameworks */ = {
			isa = PBXGroup;
			children = (
				7F20E5E2763BC764F01CDAAF /* Pods_stabricator.framework */,
			);
			name = Frameworks;
			sourceTree = "<group>";
		};
/* End PBXGroup section */

/* Begin PBXNativeTarget section */
		37CCEE7C1F8DA4D700F584ED /* stabricator */ = {
			isa = PBXNativeTarget;
			buildConfigurationList = 37CCEE8B1F8DA4D700F584ED /* Build configuration list for PBXNativeTarget "stabricator" */;
			buildPhases = (
				DAE9828BF797C07E0DEC47FD /* [CP] Check Pods Manifest.lock */,
				37CCEE791F8DA4D700F584ED /* Sources */,
				37CCEE7A1F8DA4D700F584ED /* Frameworks */,
				37CCEE7B1F8DA4D700F584ED /* Resources */,
				370C19F91FAA7B56000A479D /* ShellScript */,
				071680822BF2CB0094498EFD /* [CP] Embed Pods Frameworks */,
				709910524E062A8B91F0312C /* [CP] Copy Pods Resources */,
			);
			buildRules = (
			);
			dependencies = (
			);
			name = stabricator;
			productName = weatherbar;
			productReference = 37CCEE7D1F8DA4D700F584ED /* stabricator.app */;
			productType = "com.apple.product-type.application";
		};
/* End PBXNativeTarget section */

/* Begin PBXProject section */
		37CCEE751F8DA4D700F584ED /* Project object */ = {
			isa = PBXProject;
			attributes = {
				LastSwiftUpdateCheck = 0900;
				LastUpgradeCheck = 0900;
				ORGANIZATIONNAME = "Dan Hill";
				TargetAttributes = {
					37CCEE7C1F8DA4D700F584ED = {
						CreatedOnToolsVersion = 9.0;
						ProvisioningStyle = Automatic;
						SystemCapabilities = {
							com.apple.Sandbox = {
								enabled = 1;
							};
						};
					};
				};
			};
			buildConfigurationList = 37CCEE781F8DA4D700F584ED /* Build configuration list for PBXProject "stabricator" */;
			compatibilityVersion = "Xcode 8.0";
			developmentRegion = en;
			hasScannedForEncodings = 0;
			knownRegions = (
				en,
				Base,
			);
			mainGroup = 37CCEE741F8DA4D700F584ED;
			productRefGroup = 37CCEE7E1F8DA4D700F584ED /* Products */;
			projectDirPath = "";
			projectRoot = "";
			targets = (
				37CCEE7C1F8DA4D700F584ED /* stabricator */,
			);
		};
/* End PBXProject section */

/* Begin PBXResourcesBuildPhase section */
		37CCEE7B1F8DA4D700F584ED /* Resources */ = {
			isa = PBXResourcesBuildPhase;
			buildActionMask = 2147483647;
			files = (
				3708D5301F92B6B700E06D95 /* LoginWindow.xib in Resources */,
				37CCEE831F8DA4D700F584ED /* Assets.xcassets in Resources */,
				37F8A8871F9C1A2800928D26 /* PreferencesWindowController.xib in Resources */,
				37CCEE861F8DA4D700F584ED /* MainMenu.xib in Resources */,
			);
			runOnlyForDeploymentPostprocessing = 0;
		};
/* End PBXResourcesBuildPhase section */

/* Begin PBXShellScriptBuildPhase section */
		071680822BF2CB0094498EFD /* [CP] Embed Pods Frameworks */ = {
			isa = PBXShellScriptBuildPhase;
			buildActionMask = 2147483647;
			files = (
			);
			inputPaths = (
			);
			name = "[CP] Embed Pods Frameworks";
			outputPaths = (
			);
			runOnlyForDeploymentPostprocessing = 0;
			shellPath = /bin/sh;
			shellScript = "\"${SRCROOT}/Pods/Target Support Files/Pods-stabricator/Pods-stabricator-frameworks.sh\"\n";
			showEnvVarsInLog = 0;
		};
		370C19F91FAA7B56000A479D /* ShellScript */ = {
			isa = PBXShellScriptBuildPhase;
			buildActionMask = 2147483647;
			files = (
			);
			inputPaths = (
			);
			outputPaths = (
			);
			runOnlyForDeploymentPostprocessing = 0;
			shellPath = /bin/sh;
			shellScript = "\"${PODS_ROOT}/Fabric/run\" 8fb23ae9f01db1865ce11990e880ae986696390d e22015aef5cd52f2f50ef03d80af73e85ce0237f2002dbbbd74cbb67848cb013";
		};
		709910524E062A8B91F0312C /* [CP] Copy Pods Resources */ = {
			isa = PBXShellScriptBuildPhase;
			buildActionMask = 2147483647;
			files = (
			);
			inputPaths = (
			);
			name = "[CP] Copy Pods Resources";
			outputPaths = (
			);
			runOnlyForDeploymentPostprocessing = 0;
			shellPath = /bin/sh;
			shellScript = "\"${SRCROOT}/Pods/Target Support Files/Pods-stabricator/Pods-stabricator-resources.sh\"\n";
			showEnvVarsInLog = 0;
		};
		DAE9828BF797C07E0DEC47FD /* [CP] Check Pods Manifest.lock */ = {
			isa = PBXShellScriptBuildPhase;
			buildActionMask = 2147483647;
			files = (
			);
			inputPaths = (
				"${PODS_PODFILE_DIR_PATH}/Podfile.lock",
				"${PODS_ROOT}/Manifest.lock",
			);
			name = "[CP] Check Pods Manifest.lock";
			outputPaths = (
				"$(DERIVED_FILE_DIR)/Pods-stabricator-checkManifestLockResult.txt",
			);
			runOnlyForDeploymentPostprocessing = 0;
			shellPath = /bin/sh;
			shellScript = "diff \"${PODS_PODFILE_DIR_PATH}/Podfile.lock\" \"${PODS_ROOT}/Manifest.lock\" > /dev/null\nif [ $? != 0 ] ; then\n    # print error to STDERR\n    echo \"error: The sandbox is not in sync with the Podfile.lock. Run 'pod install' or update your CocoaPods installation.\" >&2\n    exit 1\nfi\n# This output is used by Xcode 'outputs' to avoid re-running this script phase.\necho \"SUCCESS\" > \"${SCRIPT_OUTPUT_FILE_0}\"\n";
			showEnvVarsInLog = 0;
		};
/* End PBXShellScriptBuildPhase section */

/* Begin PBXSourcesBuildPhase section */
		37CCEE791F8DA4D700F584ED /* Sources */ = {
			isa = PBXSourcesBuildPhase;
			buildActionMask = 2147483647;
			files = (
				37CCEE931F8DCB2F00F584ED /* Phabricator.swift in Sources */,
				3708D5341F92E60C00E06D95 /* Categories.swift in Sources */,
				37CCEE8F1F8DBA1000F584ED /* StatusMenuController.swift in Sources */,
				37CCEE811F8DA4D700F584ED /* AppDelegate.swift in Sources */,
				3708D52C1F92B05C00E06D95 /* Defaults.swift in Sources */,
				3708D5321F92D8D300E06D95 /* EditableTextField.swift in Sources */,
				37F8A8861F9C1A2800928D26 /* PreferencesWindowController.swift in Sources */,
				3708D52A1F928BA100E06D95 /* Models.swift in Sources */,
				3708D52F1F92B6B700E06D95 /* LoginWindowController.swift in Sources */,
			);
			runOnlyForDeploymentPostprocessing = 0;
		};
/* End PBXSourcesBuildPhase section */

/* Begin PBXVariantGroup section */
		37CCEE841F8DA4D700F584ED /* MainMenu.xib */ = {
			isa = PBXVariantGroup;
			children = (
				37CCEE851F8DA4D700F584ED /* Base */,
			);
			name = MainMenu.xib;
			sourceTree = "<group>";
		};
/* End PBXVariantGroup section */

/* Begin XCBuildConfiguration section */
		37CCEE891F8DA4D700F584ED /* Debug */ = {
			isa = XCBuildConfiguration;
			buildSettings = {
				ALWAYS_SEARCH_USER_PATHS = NO;
				CLANG_ANALYZER_NONNULL = YES;
				CLANG_ANALYZER_NUMBER_OBJECT_CONVERSION = YES_AGGRESSIVE;
				CLANG_CXX_LANGUAGE_STANDARD = "gnu++14";
				CLANG_CXX_LIBRARY = "libc++";
				CLANG_ENABLE_MODULES = YES;
				CLANG_ENABLE_OBJC_ARC = YES;
				CLANG_WARN_BLOCK_CAPTURE_AUTORELEASING = YES;
				CLANG_WARN_BOOL_CONVERSION = YES;
				CLANG_WARN_COMMA = YES;
				CLANG_WARN_CONSTANT_CONVERSION = YES;
				CLANG_WARN_DIRECT_OBJC_ISA_USAGE = YES_ERROR;
				CLANG_WARN_DOCUMENTATION_COMMENTS = YES;
				CLANG_WARN_EMPTY_BODY = YES;
				CLANG_WARN_ENUM_CONVERSION = YES;
				CLANG_WARN_INFINITE_RECURSION = YES;
				CLANG_WARN_INT_CONVERSION = YES;
				CLANG_WARN_NON_LITERAL_NULL_CONVERSION = YES;
				CLANG_WARN_OBJC_LITERAL_CONVERSION = YES;
				CLANG_WARN_OBJC_ROOT_CLASS = YES_ERROR;
				CLANG_WARN_RANGE_LOOP_ANALYSIS = YES;
				CLANG_WARN_STRICT_PROTOTYPES = YES;
				CLANG_WARN_SUSPICIOUS_MOVE = YES;
				CLANG_WARN_UNGUARDED_AVAILABILITY = YES_AGGRESSIVE;
				CLANG_WARN_UNREACHABLE_CODE = YES;
				CLANG_WARN__DUPLICATE_METHOD_MATCH = YES;
				CODE_SIGN_IDENTITY = "-";
				COPY_PHASE_STRIP = NO;
				DEBUG_INFORMATION_FORMAT = dwarf;
				ENABLE_STRICT_OBJC_MSGSEND = YES;
				ENABLE_TESTABILITY = YES;
				GCC_C_LANGUAGE_STANDARD = gnu11;
				GCC_DYNAMIC_NO_PIC = NO;
				GCC_NO_COMMON_BLOCKS = YES;
				GCC_OPTIMIZATION_LEVEL = 0;
				GCC_PREPROCESSOR_DEFINITIONS = (
					"DEBUG=1",
					"$(inherited)",
				);
				GCC_WARN_64_TO_32_BIT_CONVERSION = YES;
				GCC_WARN_ABOUT_RETURN_TYPE = YES_ERROR;
				GCC_WARN_UNDECLARED_SELECTOR = YES;
				GCC_WARN_UNINITIALIZED_AUTOS = YES_AGGRESSIVE;
				GCC_WARN_UNUSED_FUNCTION = YES;
				GCC_WARN_UNUSED_VARIABLE = YES;
				MACOSX_DEPLOYMENT_TARGET = 10.12;
				MTL_ENABLE_DEBUG_INFO = YES;
				ONLY_ACTIVE_ARCH = YES;
				SDKROOT = macosx;
				SWIFT_ACTIVE_COMPILATION_CONDITIONS = DEBUG;
				SWIFT_OPTIMIZATION_LEVEL = "-Onone";
			};
			name = Debug;
		};
		37CCEE8A1F8DA4D700F584ED /* Release */ = {
			isa = XCBuildConfiguration;
			buildSettings = {
				ALWAYS_SEARCH_USER_PATHS = NO;
				CLANG_ANALYZER_NONNULL = YES;
				CLANG_ANALYZER_NUMBER_OBJECT_CONVERSION = YES_AGGRESSIVE;
				CLANG_CXX_LANGUAGE_STANDARD = "gnu++14";
				CLANG_CXX_LIBRARY = "libc++";
				CLANG_ENABLE_MODULES = YES;
				CLANG_ENABLE_OBJC_ARC = YES;
				CLANG_WARN_BLOCK_CAPTURE_AUTORELEASING = YES;
				CLANG_WARN_BOOL_CONVERSION = YES;
				CLANG_WARN_COMMA = YES;
				CLANG_WARN_CONSTANT_CONVERSION = YES;
				CLANG_WARN_DIRECT_OBJC_ISA_USAGE = YES_ERROR;
				CLANG_WARN_DOCUMENTATION_COMMENTS = YES;
				CLANG_WARN_EMPTY_BODY = YES;
				CLANG_WARN_ENUM_CONVERSION = YES;
				CLANG_WARN_INFINITE_RECURSION = YES;
				CLANG_WARN_INT_CONVERSION = YES;
				CLANG_WARN_NON_LITERAL_NULL_CONVERSION = YES;
				CLANG_WARN_OBJC_LITERAL_CONVERSION = YES;
				CLANG_WARN_OBJC_ROOT_CLASS = YES_ERROR;
				CLANG_WARN_RANGE_LOOP_ANALYSIS = YES;
				CLANG_WARN_STRICT_PROTOTYPES = YES;
				CLANG_WARN_SUSPICIOUS_MOVE = YES;
				CLANG_WARN_UNGUARDED_AVAILABILITY = YES_AGGRESSIVE;
				CLANG_WARN_UNREACHABLE_CODE = YES;
				CLANG_WARN__DUPLICATE_METHOD_MATCH = YES;
				CODE_SIGN_IDENTITY = "-";
				COPY_PHASE_STRIP = NO;
				DEBUG_INFORMATION_FORMAT = "dwarf-with-dsym";
				ENABLE_NS_ASSERTIONS = NO;
				ENABLE_STRICT_OBJC_MSGSEND = YES;
				GCC_C_LANGUAGE_STANDARD = gnu11;
				GCC_NO_COMMON_BLOCKS = YES;
				GCC_WARN_64_TO_32_BIT_CONVERSION = YES;
				GCC_WARN_ABOUT_RETURN_TYPE = YES_ERROR;
				GCC_WARN_UNDECLARED_SELECTOR = YES;
				GCC_WARN_UNINITIALIZED_AUTOS = YES_AGGRESSIVE;
				GCC_WARN_UNUSED_FUNCTION = YES;
				GCC_WARN_UNUSED_VARIABLE = YES;
				MACOSX_DEPLOYMENT_TARGET = 10.12;
				MTL_ENABLE_DEBUG_INFO = NO;
				SDKROOT = macosx;
				SWIFT_OPTIMIZATION_LEVEL = "-Owholemodule";
			};
			name = Release;
		};
		37CCEE8C1F8DA4D700F584ED /* Debug */ = {
			isa = XCBuildConfiguration;
			baseConfigurationReference = 227CC0D853097B7CCCEF07E1 /* Pods-stabricator.debug.xcconfig */;
			buildSettings = {
				ASSETCATALOG_COMPILER_APPICON_NAME = AppIcon;
				CODE_SIGN_ENTITLEMENTS = stabricator/stabricator.entitlements;
				CODE_SIGN_IDENTITY = "Mac Developer";
				CODE_SIGN_STYLE = Automatic;
				COMBINE_HIDPI_IMAGES = YES;
				DEVELOPMENT_TEAM = 3S7WT4B9P3;
				FABRIC_KEY = "";
				INFOPLIST_FILE = stabricator/Info.plist;
				LD_RUNPATH_SEARCH_PATHS = "$(inherited) @executable_path/../Frameworks";
				PRODUCT_BUNDLE_IDENTIFIER = com.robinhood.stabricator;
				PRODUCT_NAME = "$(TARGET_NAME)";
				PROVISIONING_PROFILE_SPECIFIER = "";
				SWIFT_VERSION = 4.0;
			};
			name = Debug;
		};
		37CCEE8D1F8DA4D700F584ED /* Release */ = {
			isa = XCBuildConfiguration;
			baseConfigurationReference = 3AFBE9C0754E226AACB6809E /* Pods-stabricator.release.xcconfig */;
			buildSettings = {
				ASSETCATALOG_COMPILER_APPICON_NAME = AppIcon;
				CODE_SIGN_ENTITLEMENTS = stabricator/stabricator.entitlements;
				CODE_SIGN_IDENTITY = "Mac Developer";
				CODE_SIGN_STYLE = Automatic;
				COMBINE_HIDPI_IMAGES = YES;
				DEVELOPMENT_TEAM = 3S7WT4B9P3;
				FABRIC_KEY = 8fb23ae9f01db1865ce11990e880ae986696390d;
				INFOPLIST_FILE = stabricator/Info.plist;
				LD_RUNPATH_SEARCH_PATHS = "$(inherited) @executable_path/../Frameworks";
				PRODUCT_BUNDLE_IDENTIFIER = com.robinhood.stabricator;
				PRODUCT_NAME = "$(TARGET_NAME)";
				PROVISIONING_PROFILE_SPECIFIER = "";
				SWIFT_VERSION = 4.0;
			};
			name = Release;
		};
/* End XCBuildConfiguration section */

/* Begin XCConfigurationList section */
		37CCEE781F8DA4D700F584ED /* Build configuration list for PBXProject "stabricator" */ = {
			isa = XCConfigurationList;
			buildConfigurations = (
				37CCEE891F8DA4D700F584ED /* Debug */,
				37CCEE8A1F8DA4D700F584ED /* Release */,
			);
			defaultConfigurationIsVisible = 0;
			defaultConfigurationName = Release;
		};
		37CCEE8B1F8DA4D700F584ED /* Build configuration list for PBXNativeTarget "stabricator" */ = {
			isa = XCConfigurationList;
			buildConfigurations = (
				37CCEE8C1F8DA4D700F584ED /* Debug */,
				37CCEE8D1F8DA4D700F584ED /* Release */,
			);
			defaultConfigurationIsVisible = 0;
			defaultConfigurationName = Release;
		};
/* End XCConfigurationList section */
	};
	rootObject = 37CCEE751F8DA4D700F584ED /* Project object */;
}
